
Microsoft Visual Studio Solution File, Format Version 12.00
# Visual Studio Version 16
VisualStudioVersion = 16.0.30907.101
MinimumVisualStudioVersion = 10.0.40219.1
Project("{FAE04EC0-301F-11D3-BF4B-00C04F79EFBC}") = "WallpaperEVO", "..\..\clonewpf\WallpaperEVO\WallpaperEVO.csproj", "{4E2E40D5-029D-474F-9B8E-2AE6F4305DF8}"
EndProject
Global
	GlobalSection(SolutionConfigurationPlatforms) = preSolution
		Debug|Any CPU = Debug|Any CPU
		Release|Any CPU = Release|Any CPU
	EndGlobalSection
	GlobalSection(ProjectConfigurationPlatforms) = postSolution
		{4E2E40D5-029D-474F-9B8E-2AE6F4305DF8}.Debug|Any CPU.ActiveCfg = Debug|Any CPU
		{4E2E40D5-029D-474F-9B8E-2AE6F4305DF8}.Debug|Any CPU.Build.0 = Debug|Any CPU
		{4E2E40D5-029D-474F-9B8E-2AE6F4305DF8}.Release|Any CPU.ActiveCfg = Release|Any CPU
		{4E2E40D5-029D-474F-9B8E-2AE6F4305DF8}.Release|Any CPU.Build.0 = Release|Any CPU
	EndGlobalSection
	GlobalSection(SolutionProperties) = preSolution
		HideSolutionNode = FALSE
	EndGlobalSection
	GlobalSection(ExtensibilityGlobals) = postSolution
		SolutionGuid = {57C13213-F690-4F17-8941-2807A1D96A68}
	EndGlobalSection
EndGlobal
